
Microsoft Visual Studio Solution File, Format Version 12.00
# Visual Studio Version 16
VisualStudioVersion = 16.0.31624.102
MinimumVisualStudioVersion = 10.0.40219.1
Project("{FAE04EC0-301F-11D3-BF4B-00C04F79EFBC}") = "FormsTagHelperDemo", "FormsTagHelperDemo\FormsTagHelperDemo.csproj", "{B93E916F-043A-4E4C-9B8F-0B8026EE1FD9}"
EndProject
Global
	GlobalSection(SolutionConfigurationPlatforms) = preSolution
		Debug|Any CPU = Debug|Any CPU
		Release|Any CPU = Release|Any CPU
	EndGlobalSection
	GlobalSection(ProjectConfigurationPlatforms) = postSolution
		{B93E916F-043A-4E4C-9B8F-0B8026EE1FD9}.Debug|Any CPU.ActiveCfg = Debug|Any CPU
		{B93E916F-043A-4E4C-9B8F-0B8026EE1FD9}.Debug|Any CPU.Build.0 = Debug|Any CPU
		{B93E916F-043A-4E4C-9B8F-0B8026EE1FD9}.Release|Any CPU.ActiveCfg = Release|Any CPU
		{B93E916F-043A-4E4C-9B8F-0B8026EE1FD9}.Release|Any CPU.Build.0 = Release|Any CPU
	EndGlobalSection
	GlobalSection(SolutionProperties) = preSolution
		HideSolutionNode = FALSE
	EndGlobalSection
	GlobalSection(ExtensibilityGlobals) = postSolution
		SolutionGuid = {C48803E1-7171-4227-8D0E-40B26A4747A0}
	EndGlobalSection
EndGlobal
